
Microsoft Visual Studio Solution File, Format Version 12.00
# Visual Studio 15
VisualStudioVersion = 15.0.28010.2016
MinimumVisualStudioVersion = 10.0.40219.1
Project("{FAE04EC0-301F-11D3-BF4B-00C04F79EFBC}") = "AUScraper.Web", "AUScraper.Web'\AUScraper.Web.csproj", "{76CB176F-C787-4F3D-B3B8-35E4C96A5711}"
EndProject
Project("{FAE04EC0-301F-11D3-BF4B-00C04F79EFBC}") = "AUScraper.Api", "AUScraper.Api\AUScraper.Api.csproj", "{F8FCB71F-5B18-476F-83BE-48406452D150}"
EndProject
Global
	GlobalSection(SolutionConfigurationPlatforms) = preSolution
		Debug|Any CPU = Debug|Any CPU
		Release|Any CPU = Release|Any CPU
	EndGlobalSection
	GlobalSection(ProjectConfigurationPlatforms) = postSolution
		{76CB176F-C787-4F3D-B3B8-35E4C96A5711}.Debug|Any CPU.ActiveCfg = Debug|Any CPU
		{76CB176F-C787-4F3D-B3B8-35E4C96A5711}.Debug|Any CPU.Build.0 = Debug|Any CPU
		{76CB176F-C787-4F3D-B3B8-35E4C96A5711}.Release|Any CPU.ActiveCfg = Release|Any CPU
		{76CB176F-C787-4F3D-B3B8-35E4C96A5711}.Release|Any CPU.Build.0 = Release|Any CPU
		{F8FCB71F-5B18-476F-83BE-48406452D150}.Debug|Any CPU.ActiveCfg = Debug|Any CPU
		{F8FCB71F-5B18-476F-83BE-48406452D150}.Debug|Any CPU.Build.0 = Debug|Any CPU
		{F8FCB71F-5B18-476F-83BE-48406452D150}.Release|Any CPU.ActiveCfg = Release|Any CPU
		{F8FCB71F-5B18-476F-83BE-48406452D150}.Release|Any CPU.Build.0 = Release|Any CPU
	EndGlobalSection
	GlobalSection(SolutionProperties) = preSolution
		HideSolutionNode = FALSE
	EndGlobalSection
	GlobalSection(ExtensibilityGlobals) = postSolution
		SolutionGuid = {E745702F-7EB9-4EDC-9A24-47D516062E5E}
	EndGlobalSection
EndGlobal
